
Microsoft Visual Studio Solution File, Format Version 12.00
# Visual Studio Version 16
VisualStudioVersion = 16.0.32901.82
MinimumVisualStudioVersion = 10.0.40219.1
Project("{FAE04EC0-301F-11D3-BF4B-00C04F79EFBC}") = "Indexers", "Indexers\Indexers.csproj", "{DB37590C-AEE5-4570-8B5B-C8CE057CBAA3}"
EndProject
Global
	GlobalSection(SolutionConfigurationPlatforms) = preSolution
		Debug|Any CPU = Debug|Any CPU
		Release|Any CPU = Release|Any CPU
	EndGlobalSection
	GlobalSection(ProjectConfigurationPlatforms) = postSolution
		{DB37590C-AEE5-4570-8B5B-C8CE057CBAA3}.Debug|Any CPU.ActiveCfg = Debug|Any CPU
		{DB37590C-AEE5-4570-8B5B-C8CE057CBAA3}.Debug|Any CPU.Build.0 = Debug|Any CPU
		{DB37590C-AEE5-4570-8B5B-C8CE057CBAA3}.Release|Any CPU.ActiveCfg = Release|Any CPU
		{DB37590C-AEE5-4570-8B5B-C8CE057CBAA3}.Release|Any CPU.Build.0 = Release|Any CPU
	EndGlobalSection
	GlobalSection(SolutionProperties) = preSolution
		HideSolutionNode = FALSE
	EndGlobalSection
	GlobalSection(ExtensibilityGlobals) = postSolution
		SolutionGuid = {1221BF6B-6DEC-482A-AAF2-29B5EF484A58}
	EndGlobalSection
EndGlobal
